
Microsoft Visual Studio Solution File, Format Version 12.00
# Visual Studio Version 17
VisualStudioVersion = 17.3.32825.248
MinimumVisualStudioVersion = 10.0.40219.1
Project("{FAE04EC0-301F-11D3-BF4B-00C04F79EFBC}") = "TreatApplication", "TreatApplication\TreatApplication.csproj", "{12B0B780-8242-435C-B85F-88EA91703885}"
EndProject
Global
	GlobalSection(SolutionConfigurationPlatforms) = preSolution
		Debug|Any CPU = Debug|Any CPU
		Release|Any CPU = Release|Any CPU
	EndGlobalSection
	GlobalSection(ProjectConfigurationPlatforms) = postSolution
		{12B0B780-8242-435C-B85F-88EA91703885}.Debug|Any CPU.ActiveCfg = Debug|Any CPU
		{12B0B780-8242-435C-B85F-88EA91703885}.Debug|Any CPU.Build.0 = Debug|Any CPU
		{12B0B780-8242-435C-B85F-88EA91703885}.Release|Any CPU.ActiveCfg = Release|Any CPU
		{12B0B780-8242-435C-B85F-88EA91703885}.Release|Any CPU.Build.0 = Release|Any CPU
	EndGlobalSection
	GlobalSection(SolutionProperties) = preSolution
		HideSolutionNode = FALSE
	EndGlobalSection
	GlobalSection(ExtensibilityGlobals) = postSolution
		SolutionGuid = {04AFACDE-8BB3-412A-87DE-633FEDA9A72E}
	EndGlobalSection
EndGlobal
